
Microsoft Visual Studio Solution File, Format Version 12.00
# Visual Studio 15
VisualStudioVersion = 15.0.28307.572
MinimumVisualStudioVersion = 10.0.40219.1
Project("{FAE04EC0-301F-11D3-BF4B-00C04F79EFBC}") = "wellbeingPage", "wellbeingPage\wellbeingPage.csproj", "{0256D09F-A76A-4876-9084-55874DFF85E5}"
EndProject
Global
	GlobalSection(SolutionConfigurationPlatforms) = preSolution
		Debug|Any CPU = Debug|Any CPU
		Release|Any CPU = Release|Any CPU
	EndGlobalSection
	GlobalSection(ProjectConfigurationPlatforms) = postSolution
		{0256D09F-A76A-4876-9084-55874DFF85E5}.Debug|Any CPU.ActiveCfg = Debug|Any CPU
		{0256D09F-A76A-4876-9084-55874DFF85E5}.Debug|Any CPU.Build.0 = Debug|Any CPU
		{0256D09F-A76A-4876-9084-55874DFF85E5}.Release|Any CPU.ActiveCfg = Release|Any CPU
		{0256D09F-A76A-4876-9084-55874DFF85E5}.Release|Any CPU.Build.0 = Release|Any CPU
	EndGlobalSection
	GlobalSection(SolutionProperties) = preSolution
		HideSolutionNode = FALSE
	EndGlobalSection
	GlobalSection(ExtensibilityGlobals) = postSolution
		SolutionGuid = {482ED015-B5E0-459C-89B7-24B47AFEF9B2}
	EndGlobalSection
EndGlobal
